
Microsoft Visual Studio Solution File, Format Version 12.00
# Visual Studio 15
VisualStudioVersion = 15.0.27703.2018
MinimumVisualStudioVersion = 10.0.40219.1
Project("{FAE04EC0-301F-11D3-BF4B-00C04F79EFBC}") = "Server", "Server\Server.csproj", "{01E36703-3B31-4B15-A87B-9F9F7BC2D30C}"
EndProject
Project("{FAE04EC0-301F-11D3-BF4B-00C04F79EFBC}") = "Client", "Client\Client.csproj", "{193608CF-FE67-4D3D-84CC-38B7211910F5}"
EndProject
Project("{FAE04EC0-301F-11D3-BF4B-00C04F79EFBC}") = "Common", "Common\Common.csproj", "{C7B99A8C-1E19-46B2-8C67-0CB521C70437}"
EndProject
Project("{FAE04EC0-301F-11D3-BF4B-00C04F79EFBC}") = "Test", "Test\Test.csproj", "{490538F0-EA2C-4839-B426-5EF64B99165E}"
EndProject
Global
	GlobalSection(SolutionConfigurationPlatforms) = preSolution
		Debug|Any CPU = Debug|Any CPU
		Release|Any CPU = Release|Any CPU
	EndGlobalSection
	GlobalSection(ProjectConfigurationPlatforms) = postSolution
		{01E36703-3B31-4B15-A87B-9F9F7BC2D30C}.Debug|Any CPU.ActiveCfg = Debug|Any CPU
		{01E36703-3B31-4B15-A87B-9F9F7BC2D30C}.Debug|Any CPU.Build.0 = Debug|Any CPU
		{01E36703-3B31-4B15-A87B-9F9F7BC2D30C}.Release|Any CPU.ActiveCfg = Release|Any CPU
		{01E36703-3B31-4B15-A87B-9F9F7BC2D30C}.Release|Any CPU.Build.0 = Release|Any CPU
		{193608CF-FE67-4D3D-84CC-38B7211910F5}.Debug|Any CPU.ActiveCfg = Debug|Any CPU
		{193608CF-FE67-4D3D-84CC-38B7211910F5}.Debug|Any CPU.Build.0 = Debug|Any CPU
		{193608CF-FE67-4D3D-84CC-38B7211910F5}.Release|Any CPU.ActiveCfg = Release|Any CPU
		{193608CF-FE67-4D3D-84CC-38B7211910F5}.Release|Any CPU.Build.0 = Release|Any CPU
		{C7B99A8C-1E19-46B2-8C67-0CB521C70437}.Debug|Any CPU.ActiveCfg = Debug|Any CPU
		{C7B99A8C-1E19-46B2-8C67-0CB521C70437}.Debug|Any CPU.Build.0 = Debug|Any CPU
		{C7B99A8C-1E19-46B2-8C67-0CB521C70437}.Release|Any CPU.ActiveCfg = Release|Any CPU
		{C7B99A8C-1E19-46B2-8C67-0CB521C70437}.Release|Any CPU.Build.0 = Release|Any CPU
		{490538F0-EA2C-4839-B426-5EF64B99165E}.Debug|Any CPU.ActiveCfg = Debug|Any CPU
		{490538F0-EA2C-4839-B426-5EF64B99165E}.Debug|Any CPU.Build.0 = Debug|Any CPU
		{490538F0-EA2C-4839-B426-5EF64B99165E}.Release|Any CPU.ActiveCfg = Release|Any CPU
		{490538F0-EA2C-4839-B426-5EF64B99165E}.Release|Any CPU.Build.0 = Release|Any CPU
	EndGlobalSection
	GlobalSection(SolutionProperties) = preSolution
		HideSolutionNode = FALSE
	EndGlobalSection
	GlobalSection(ExtensibilityGlobals) = postSolution
		SolutionGuid = {ECB1FE1E-0A87-4C5C-A0DE-4AFF43637053}
	EndGlobalSection
EndGlobal
